{
  "nodes": {
    "nixCats": {
      "locked": {
        "lastModified": 1755685723,
        "narHash": "sha256-WU7yfMmEbYmJnTWPe0RQpZyjf3c+btJ3BfE9RlnTtU0=",
        "owner": "BirdeeHub",
        "repo": "nixCats-nvim",
        "rev": "515fb737c41504df023f9638aa0b63111a881c76",
        "type": "github"
      },
      "original": {
        "owner": "BirdeeHub",
        "repo": "nixCats-nvim",
        "type": "github"
      }
    },
    "nixpkgs": {
      "locked": {
        "lastModified": 1755736253,
        "narHash": "sha256-jlIQRypNhB1PcB1BE+expE4xZeJxzoAGr1iUbHQta8s=",
        "owner": "nixos",
        "repo": "nixpkgs",
        "rev": "596312aae91421d6923f18cecce934a7d3bfd6b8",
        "type": "github"
      },
      "original": {
        "owner": "nixos",
        "ref": "nixpkgs-unstable",
        "repo": "nixpkgs",
        "type": "github"
      }
    },
    "root": {
      "inputs": {
        "nixCats": "nixCats",
        "nixpkgs": "nixpkgs"
      }
    }
  },
  "root": "root",
  "version": 7
}
